
Microsoft Visual Studio Solution File, Format Version 12.00
# Visual Studio Version 16
VisualStudioVersion = 16.0.29519.181
MinimumVisualStudioVersion = 10.0.40219.1
Project("{FAE04EC0-301F-11D3-BF4B-00C04F79EFBC}") = "TestPageNorth", "TestPageNorth\TestPageNorth.csproj", "{E23A69A6-CDF5-479E-962E-D1C37A1DB3E8}"
EndProject
Global
	GlobalSection(SolutionConfigurationPlatforms) = preSolution
		Debug|Any CPU = Debug|Any CPU
		Release|Any CPU = Release|Any CPU
	EndGlobalSection
	GlobalSection(ProjectConfigurationPlatforms) = postSolution
		{E23A69A6-CDF5-479E-962E-D1C37A1DB3E8}.Debug|Any CPU.ActiveCfg = Debug|Any CPU
		{E23A69A6-CDF5-479E-962E-D1C37A1DB3E8}.Debug|Any CPU.Build.0 = Debug|Any CPU
		{E23A69A6-CDF5-479E-962E-D1C37A1DB3E8}.Release|Any CPU.ActiveCfg = Release|Any CPU
		{E23A69A6-CDF5-479E-962E-D1C37A1DB3E8}.Release|Any CPU.Build.0 = Release|Any CPU
	EndGlobalSection
	GlobalSection(SolutionProperties) = preSolution
		HideSolutionNode = FALSE
	EndGlobalSection
	GlobalSection(ExtensibilityGlobals) = postSolution
		SolutionGuid = {D359A387-679B-4179-8FEB-54D9DCCAE9E8}
	EndGlobalSection
EndGlobal
